
Microsoft Visual Studio Solution File, Format Version 12.00
# Visual Studio Version 17
VisualStudioVersion = 17.7.34221.43
MinimumVisualStudioVersion = 10.0.40219.1
Project("{FAE04EC0-301F-11D3-BF4B-00C04F79EFBC}") = "CentralAdministration", "CentralAdministration.csproj", "{894142B5-26F8-4F66-86B8-FD82B1837442}"
EndProject
Global
	GlobalSection(SolutionConfigurationPlatforms) = preSolution
		Debug|Any CPU = Debug|Any CPU
		Release|Any CPU = Release|Any CPU
	EndGlobalSection
	GlobalSection(ProjectConfigurationPlatforms) = postSolution
		{894142B5-26F8-4F66-86B8-FD82B1837442}.Debug|Any CPU.ActiveCfg = Debug|Any CPU
		{894142B5-26F8-4F66-86B8-FD82B1837442}.Debug|Any CPU.Build.0 = Debug|Any CPU
		{894142B5-26F8-4F66-86B8-FD82B1837442}.Release|Any CPU.ActiveCfg = Release|Any CPU
		{894142B5-26F8-4F66-86B8-FD82B1837442}.Release|Any CPU.Build.0 = Release|Any CPU
	EndGlobalSection
	GlobalSection(SolutionProperties) = preSolution
		HideSolutionNode = FALSE
	EndGlobalSection
	GlobalSection(ExtensibilityGlobals) = postSolution
		SolutionGuid = {8C370FA1-2547-4602-BAA2-0407E1267B6E}
	EndGlobalSection
EndGlobal
